
Microsoft Visual Studio Solution File, Format Version 12.00
# Visual Studio Version 17
VisualStudioVersion = 17.4.33205.214
MinimumVisualStudioVersion = 10.0.40219.1
Project("{9A19103F-16F7-4668-BE54-9A1E7A4F7556}") = "Api_Test", "Api_Test\Api_Test.csproj", "{93DD1504-7272-40D5-A2C1-9B716BA687DC}"
EndProject
Project("{2150E333-8FDC-42A3-9474-1A3956D46DE8}") = "1. Entities", "1. Entities", "{EC02B9C6-0CC6-428A-9B44-5767F6C5F185}"
EndProject
Project("{2150E333-8FDC-42A3-9474-1A3956D46DE8}") = "2. Data Access", "2. Data Access", "{32E10C99-753D-4B38-B0AE-50D4B840F799}"
EndProject
Project("{2150E333-8FDC-42A3-9474-1A3956D46DE8}") = "3. Services", "3. Services", "{C3197347-FDEB-4143-BFC8-35CF439A26CC}"
EndProject
Project("{2150E333-8FDC-42A3-9474-1A3956D46DE8}") = "4. API", "4. API", "{4DA9CC0A-CC6C-41DF-AFFF-AD1562585525}"
EndProject
Project("{9A19103F-16F7-4668-BE54-9A1E7A4F7556}") = "Entities", "Entities\Entities.csproj", "{0250B8C6-9F21-478E-A504-0711BDA483B9}"
EndProject
Project("{9A19103F-16F7-4668-BE54-9A1E7A4F7556}") = "DataAccess", "DataAccess\DataAccess.csproj", "{0F0014FA-71CC-467A-AEC8-00CA19E8190B}"
EndProject
Project("{9A19103F-16F7-4668-BE54-9A1E7A4F7556}") = "DTO", "DTO\DTO.csproj", "{2F6941DE-F2AC-490E-813E-B20E72066497}"
EndProject
Project("{9A19103F-16F7-4668-BE54-9A1E7A4F7556}") = "Services", "Services\Services.csproj", "{DDBCD159-675D-435C-9BA4-D1DE2B23298F}"
EndProject
Project("{2150E333-8FDC-42A3-9474-1A3956D46DE8}") = "5 Test", "5 Test", "{3574AFA1-AD93-4D77-B640-3731EB0C9B76}"
EndProject
Project("{FAE04EC0-301F-11D3-BF4B-00C04F79EFBC}") = "ClienteTest", "ClienteTest\ClienteTest.csproj", "{E4581F82-6BD0-442E-AF66-D84CC64EBC00}"
EndProject
Global
	GlobalSection(SolutionConfigurationPlatforms) = preSolution
		Debug|Any CPU = Debug|Any CPU
		Release|Any CPU = Release|Any CPU
	EndGlobalSection
	GlobalSection(ProjectConfigurationPlatforms) = postSolution
		{93DD1504-7272-40D5-A2C1-9B716BA687DC}.Debug|Any CPU.ActiveCfg = Debug|Any CPU
		{93DD1504-7272-40D5-A2C1-9B716BA687DC}.Debug|Any CPU.Build.0 = Debug|Any CPU
		{93DD1504-7272-40D5-A2C1-9B716BA687DC}.Release|Any CPU.ActiveCfg = Release|Any CPU
		{93DD1504-7272-40D5-A2C1-9B716BA687DC}.Release|Any CPU.Build.0 = Release|Any CPU
		{0250B8C6-9F21-478E-A504-0711BDA483B9}.Debug|Any CPU.ActiveCfg = Debug|Any CPU
		{0250B8C6-9F21-478E-A504-0711BDA483B9}.Debug|Any CPU.Build.0 = Debug|Any CPU
		{0250B8C6-9F21-478E-A504-0711BDA483B9}.Release|Any CPU.ActiveCfg = Release|Any CPU
		{0250B8C6-9F21-478E-A504-0711BDA483B9}.Release|Any CPU.Build.0 = Release|Any CPU
		{0F0014FA-71CC-467A-AEC8-00CA19E8190B}.Debug|Any CPU.ActiveCfg = Debug|Any CPU
		{0F0014FA-71CC-467A-AEC8-00CA19E8190B}.Debug|Any CPU.Build.0 = Debug|Any CPU
		{0F0014FA-71CC-467A-AEC8-00CA19E8190B}.Release|Any CPU.ActiveCfg = Release|Any CPU
		{0F0014FA-71CC-467A-AEC8-00CA19E8190B}.Release|Any CPU.Build.0 = Release|Any CPU
		{2F6941DE-F2AC-490E-813E-B20E72066497}.Debug|Any CPU.ActiveCfg = Debug|Any CPU
		{2F6941DE-F2AC-490E-813E-B20E72066497}.Debug|Any CPU.Build.0 = Debug|Any CPU
		{2F6941DE-F2AC-490E-813E-B20E72066497}.Release|Any CPU.ActiveCfg = Release|Any CPU
		{2F6941DE-F2AC-490E-813E-B20E72066497}.Release|Any CPU.Build.0 = Release|Any CPU
		{DDBCD159-675D-435C-9BA4-D1DE2B23298F}.Debug|Any CPU.ActiveCfg = Debug|Any CPU
		{DDBCD159-675D-435C-9BA4-D1DE2B23298F}.Debug|Any CPU.Build.0 = Debug|Any CPU
		{DDBCD159-675D-435C-9BA4-D1DE2B23298F}.Release|Any CPU.ActiveCfg = Release|Any CPU
		{DDBCD159-675D-435C-9BA4-D1DE2B23298F}.Release|Any CPU.Build.0 = Release|Any CPU
		{E4581F82-6BD0-442E-AF66-D84CC64EBC00}.Debug|Any CPU.ActiveCfg = Debug|Any CPU
		{E4581F82-6BD0-442E-AF66-D84CC64EBC00}.Debug|Any CPU.Build.0 = Debug|Any CPU
		{E4581F82-6BD0-442E-AF66-D84CC64EBC00}.Release|Any CPU.ActiveCfg = Release|Any CPU
		{E4581F82-6BD0-442E-AF66-D84CC64EBC00}.Release|Any CPU.Build.0 = Release|Any CPU
	EndGlobalSection
	GlobalSection(SolutionProperties) = preSolution
		HideSolutionNode = FALSE
	EndGlobalSection
	GlobalSection(NestedProjects) = preSolution
		{93DD1504-7272-40D5-A2C1-9B716BA687DC} = {4DA9CC0A-CC6C-41DF-AFFF-AD1562585525}
		{0250B8C6-9F21-478E-A504-0711BDA483B9} = {EC02B9C6-0CC6-428A-9B44-5767F6C5F185}
		{0F0014FA-71CC-467A-AEC8-00CA19E8190B} = {32E10C99-753D-4B38-B0AE-50D4B840F799}
		{2F6941DE-F2AC-490E-813E-B20E72066497} = {C3197347-FDEB-4143-BFC8-35CF439A26CC}
		{DDBCD159-675D-435C-9BA4-D1DE2B23298F} = {C3197347-FDEB-4143-BFC8-35CF439A26CC}
		{E4581F82-6BD0-442E-AF66-D84CC64EBC00} = {3574AFA1-AD93-4D77-B640-3731EB0C9B76}
	EndGlobalSection
	GlobalSection(ExtensibilityGlobals) = postSolution
		SolutionGuid = {CCD263F8-2823-49B2-80CA-59AA361F1CFF}
	EndGlobalSection
EndGlobal
